// !$*UTF8*$!
{
	archiveVersion = 1;
	classes = {
	};
	objectVersion = 46;
	objects = {

/* Begin PBXBuildFile section */
		67928E4016C8B54800729FFE /* IT1TipViewController.m in Sources */ = {isa = PBXBuildFile; fileRef = 67928E3F16C8B54800729FFE /* IT1TipViewController.m */; };
		67928E4316C8C4A200729FFE /* IT1SquaresView.m in Sources */ = {isa = PBXBuildFile; fileRef = 67928E4216C8C4A200729FFE /* IT1SquaresView.m */; };
		67A1C75416C875DE00C53C42 /* UIKit.framework in Frameworks */ = {isa = PBXBuildFile; fileRef = 67A1C75316C875DE00C53C42 /* UIKit.framework */; };
		67A1C75616C875DE00C53C42 /* Foundation.framework in Frameworks */ = {isa = PBXBuildFile; fileRef = 67A1C75516C875DE00C53C42 /* Foundation.framework */; };
		67A1C75816C875DE00C53C42 /* CoreGraphics.framework in Frameworks */ = {isa = PBXBuildFile; fileRef = 67A1C75716C875DE00C53C42 /* CoreGraphics.framework */; };
		67A1C75E16C875DE00C53C42 /* InfoPlist.strings in Resources */ = {isa = PBXBuildFile; fileRef = 67A1C75C16C875DE00C53C42 /* InfoPlist.strings */; };
		67A1C76016C875DE00C53C42 /* main.m in Sources */ = {isa = PBXBuildFile; fileRef = 67A1C75F16C875DE00C53C42 /* main.m */; };
		67A1C76416C875DE00C53C42 /* IT1AppDelegate.m in Sources */ = {isa = PBXBuildFile; fileRef = 67A1C76316C875DE00C53C42 /* IT1AppDelegate.m */; };
		67A1C76616C875DE00C53C42 /* Default.png in Resources */ = {isa = PBXBuildFile; fileRef = 67A1C76516C875DE00C53C42 /* Default.png */; };
		67A1C76816C875DE00C53C42 /* Default@2x.png in Resources */ = {isa = PBXBuildFile; fileRef = 67A1C76716C875DE00C53C42 /* Default@2x.png */; };
		67A1C76A16C875DE00C53C42 /* Default-568h@2x.png in Resources */ = {isa = PBXBuildFile; fileRef = 67A1C76916C875DE00C53C42 /* Default-568h@2x.png */; };
		67A1C76D16C875DE00C53C42 /* MainStoryboard.storyboard in Resources */ = {isa = PBXBuildFile; fileRef = 67A1C76B16C875DE00C53C42 /* MainStoryboard.storyboard */; };
		67A1C77016C875DE00C53C42 /* IT1ViewController.m in Sources */ = {isa = PBXBuildFile; fileRef = 67A1C76F16C875DE00C53C42 /* IT1ViewController.m */; };
/* End PBXBuildFile section */

/* Begin PBXFileReference section */
		67928E3E16C8B54800729FFE /* IT1TipViewController.h */ = {isa = PBXFileReference; fileEncoding = 4; lastKnownFileType = sourcecode.c.h; path = IT1TipViewController.h; sourceTree = "<group>"; };
		67928E3F16C8B54800729FFE /* IT1TipViewController.m */ = {isa = PBXFileReference; fileEncoding = 4; lastKnownFileType = sourcecode.c.objc; path = IT1TipViewController.m; sourceTree = "<group>"; };
		67928E4116C8C4A200729FFE /* IT1SquaresView.h */ = {isa = PBXFileReference; fileEncoding = 4; lastKnownFileType = sourcecode.c.h; path = IT1SquaresView.h; sourceTree = "<group>"; };
		67928E4216C8C4A200729FFE /* IT1SquaresView.m */ = {isa = PBXFileReference; fileEncoding = 4; lastKnownFileType = sourcecode.c.objc; path = IT1SquaresView.m; sourceTree = "<group>"; };
		67A1C75016C875DE00C53C42 /* Intuit 2.app */ = {isa = PBXFileReference; explicitFileType = wrapper.application; includeInIndex = 0; path = "Intuit 2.app"; sourceTree = BUILT_PRODUCTS_DIR; };
		67A1C75316C875DE00C53C42 /* UIKit.framework */ = {isa = PBXFileReference; lastKnownFileType = wrapper.framework; name = UIKit.framework; path = System/Library/Frameworks/UIKit.framework; sourceTree = SDKROOT; };
		67A1C75516C875DE00C53C42 /* Foundation.framework */ = {isa = PBXFileReference; lastKnownFileType = wrapper.framework; name = Foundation.framework; path = System/Library/Frameworks/Foundation.framework; sourceTree = SDKROOT; };
		67A1C75716C875DE00C53C42 /* CoreGraphics.framework */ = {isa = PBXFileReference; lastKnownFileType = wrapper.framework; name = CoreGraphics.framework; path = System/Library/Frameworks/CoreGraphics.framework; sourceTree = SDKROOT; };
		67A1C75B16C875DE00C53C42 /* Intuit 2-Info.plist */ = {isa = PBXFileReference; lastKnownFileType = text.plist.xml; path = "Intuit 2-Info.plist"; sourceTree = "<group>"; };
		67A1C75D16C875DE00C53C42 /* en */ = {isa = PBXFileReference; lastKnownFileType = text.plist.strings; name = en; path = en.lproj/InfoPlist.strings; sourceTree = "<group>"; };
		67A1C75F16C875DE00C53C42 /* main.m */ = {isa = PBXFileReference; lastKnownFileType = sourcecode.c.objc; path = main.m; sourceTree = "<group>"; };
		67A1C76116C875DE00C53C42 /* Intuit 2-Prefix.pch */ = {isa = PBXFileReference; lastKnownFileType = sourcecode.c.h; path = "Intuit 2-Prefix.pch"; sourceTree = "<group>"; };
		67A1C76216C875DE00C53C42 /* IT1AppDelegate.h */ = {isa = PBXFileReference; lastKnownFileType = sourcecode.c.h; path = IT1AppDelegate.h; sourceTree = "<group>"; };
		67A1C76316C875DE00C53C42 /* IT1AppDelegate.m */ = {isa = PBXFileReference; lastKnownFileType = sourcecode.c.objc; path = IT1AppDelegate.m; sourceTree = "<group>"; };
		67A1C76516C875DE00C53C42 /* Default.png */ = {isa = PBXFileReference; lastKnownFileType = image.png; path = Default.png; sourceTree = "<group>"; };
		67A1C76716C875DE00C53C42 /* Default@2x.png */ = {isa = PBXFileReference; lastKnownFileType = image.png; path = "Default@2x.png"; sourceTree = "<group>"; };
		67A1C76916C875DE00C53C42 /* Default-568h@2x.png */ = {isa = PBXFileReference; lastKnownFileType = image.png; path = "Default-568h@2x.png"; sourceTree = "<group>"; };
		67A1C76C16C875DE00C53C42 /* en */ = {isa = PBXFileReference; lastKnownFileType = file.storyboard; name = en; path = en.lproj/MainStoryboard.storyboard; sourceTree = "<group>"; };
		67A1C76E16C875DE00C53C42 /* IT1ViewController.h */ = {isa = PBXFileReference; lastKnownFileType = sourcecode.c.h; path = IT1ViewController.h; sourceTree = "<group>"; };
		67A1C76F16C875DE00C53C42 /* IT1ViewController.m */ = {isa = PBXFileReference; lastKnownFileType = sourcecode.c.objc; path = IT1ViewController.m; sourceTree = "<group>"; };
/* End PBXFileReference section */

/* Begin PBXFrameworksBuildPhase section */
		67A1C74D16C875DE00C53C42 /* Frameworks */ = {
			isa = PBXFrameworksBuildPhase;
			buildActionMask = 2147483647;
			files = (
				67A1C75416C875DE00C53C42 /* UIKit.framework in Frameworks */,
				67A1C75616C875DE00C53C42 /* Foundation.framework in Frameworks */,
				67A1C75816C875DE00C53C42 /* CoreGraphics.framework in Frameworks */,
			);
			runOnlyForDeploymentPostprocessing = 0;
		};
/* End PBXFrameworksBuildPhase section */

/* Begin PBXGroup section */
		67A1C74716C875DE00C53C42 = {
			isa = PBXGroup;
			children = (
				67A1C75916C875DE00C53C42 /* Intuit 2 */,
				67A1C75216C875DE00C53C42 /* Frameworks */,
				67A1C75116C875DE00C53C42 /* Products */,
			);
			sourceTree = "<group>";
		};
		67A1C75116C875DE00C53C42 /* Products */ = {
			isa = PBXGroup;
			children = (
				67A1C75016C875DE00C53C42 /* Intuit 2.app */,
			);
			name = Products;
			sourceTree = "<group>";
		};
		67A1C75216C875DE00C53C42 /* Frameworks */ = {
			isa = PBXGroup;
			children = (
				67A1C75316C875DE00C53C42 /* UIKit.framework */,
				67A1C75516C875DE00C53C42 /* Foundation.framework */,
				67A1C75716C875DE00C53C42 /* CoreGraphics.framework */,
			);
			name = Frameworks;
			sourceTree = "<group>";
		};
		67A1C75916C875DE00C53C42 /* Intuit 2 */ = {
			isa = PBXGroup;
			children = (
				67A1C76216C875DE00C53C42 /* IT1AppDelegate.h */,
				67A1C76316C875DE00C53C42 /* IT1AppDelegate.m */,
				67A1C76B16C875DE00C53C42 /* MainStoryboard.storyboard */,
				67928E4116C8C4A200729FFE /* IT1SquaresView.h */,
				67928E4216C8C4A200729FFE /* IT1SquaresView.m */,
				67A1C76E16C875DE00C53C42 /* IT1ViewController.h */,
				67A1C76F16C875DE00C53C42 /* IT1ViewController.m */,
				67928E3E16C8B54800729FFE /* IT1TipViewController.h */,
				67928E3F16C8B54800729FFE /* IT1TipViewController.m */,
				67A1C75A16C875DE00C53C42 /* Supporting Files */,
			);
			path = "Intuit 2";
			sourceTree = "<group>";
		};
		67A1C75A16C875DE00C53C42 /* Supporting Files */ = {
			isa = PBXGroup;
			children = (
				67A1C75B16C875DE00C53C42 /* Intuit 2-Info.plist */,
				67A1C75C16C875DE00C53C42 /* InfoPlist.strings */,
				67A1C75F16C875DE00C53C42 /* main.m */,
				67A1C76116C875DE00C53C42 /* Intuit 2-Prefix.pch */,
				67A1C76516C875DE00C53C42 /* Default.png */,
				67A1C76716C875DE00C53C42 /* Default@2x.png */,
				67A1C76916C875DE00C53C42 /* Default-568h@2x.png */,
			);
			name = "Supporting Files";
			sourceTree = "<group>";
		};
/* End PBXGroup section */

/* Begin PBXNativeTarget section */
		67A1C74F16C875DE00C53C42 /* Intuit 2 */ = {
			isa = PBXNativeTarget;
			buildConfigurationList = 67A1C77316C875DE00C53C42 /* Build configuration list for PBXNativeTarget "Intuit 2" */;
			buildPhases = (
				67A1C74C16C875DE00C53C42 /* Sources */,
				67A1C74D16C875DE00C53C42 /* Frameworks */,
				67A1C74E16C875DE00C53C42 /* Resources */,
			);
			buildRules = (
			);
			dependencies = (
			);
			name = "Intuit 2";
			productName = "Intuit 2";
			productReference = 67A1C75016C875DE00C53C42 /* Intuit 2.app */;
			productType = "com.apple.product-type.application";
		};
/* End PBXNativeTarget section */

/* Begin PBXProject section */
		67A1C74816C875DE00C53C42 /* Project object */ = {
			isa = PBXProject;
			attributes = {
				CLASSPREFIX = IT1;
				LastUpgradeCheck = 0460;
				ORGANIZATIONNAME = "Rupert Deese";
			};
			buildConfigurationList = 67A1C74B16C875DE00C53C42 /* Build configuration list for PBXProject "Intuit 2" */;
			compatibilityVersion = "Xcode 3.2";
			developmentRegion = English;
			hasScannedForEncodings = 0;
			knownRegions = (
				en,
			);
			mainGroup = 67A1C74716C875DE00C53C42;
			productRefGroup = 67A1C75116C875DE00C53C42 /* Products */;
			projectDirPath = "";
			projectRoot = "";
			targets = (
				67A1C74F16C875DE00C53C42 /* Intuit 2 */,
			);
		};
/* End PBXProject section */

/* Begin PBXResourcesBuildPhase section */
		67A1C74E16C875DE00C53C42 /* Resources */ = {
			isa = PBXResourcesBuildPhase;
			buildActionMask = 2147483647;
			files = (
				67A1C75E16C875DE00C53C42 /* InfoPlist.strings in Resources */,
				67A1C76616C875DE00C53C42 /* Default.png in Resources */,
				67A1C76816C875DE00C53C42 /* Default@2x.png in Resources */,
				67A1C76A16C875DE00C53C42 /* Default-568h@2x.png in Resources */,
				67A1C76D16C875DE00C53C42 /* MainStoryboard.storyboard in Resources */,
			);
			runOnlyForDeploymentPostprocessing = 0;
		};
/* End PBXResourcesBuildPhase section */

/* Begin PBXSourcesBuildPhase section */
		67A1C74C16C875DE00C53C42 /* Sources */ = {
			isa = PBXSourcesBuildPhase;
			buildActionMask = 2147483647;
			files = (
				67A1C76016C875DE00C53C42 /* main.m in Sources */,
				67A1C76416C875DE00C53C42 /* IT1AppDelegate.m in Sources */,
				67A1C77016C875DE00C53C42 /* IT1ViewController.m in Sources */,
				67928E4016C8B54800729FFE /* IT1TipViewController.m in Sources */,
				67928E4316C8C4A200729FFE /* IT1SquaresView.m in Sources */,
			);
			runOnlyForDeploymentPostprocessing = 0;
		};
/* End PBXSourcesBuildPhase section */

/* Begin PBXVariantGroup section */
		67A1C75C16C875DE00C53C42 /* InfoPlist.strings */ = {
			isa = PBXVariantGroup;
			children = (
				67A1C75D16C875DE00C53C42 /* en */,
			);
			name = InfoPlist.strings;
			sourceTree = "<group>";
		};
		67A1C76B16C875DE00C53C42 /* MainStoryboard.storyboard */ = {
			isa = PBXVariantGroup;
			children = (
				67A1C76C16C875DE00C53C42 /* en */,
			);
			name = MainStoryboard.storyboard;
			sourceTree = "<group>";
		};
/* End PBXVariantGroup section */

/* Begin XCBuildConfiguration section */
		67A1C77116C875DE00C53C42 /* Debug */ = {
			isa = XCBuildConfiguration;
			buildSettings = {
				ALWAYS_SEARCH_USER_PATHS = NO;
				CLANG_CXX_LANGUAGE_STANDARD = "gnu++0x";
				CLANG_CXX_LIBRARY = "libc++";
				CLANG_ENABLE_OBJC_ARC = YES;
				CLANG_WARN_CONSTANT_CONVERSION = YES;
				CLANG_WARN_EMPTY_BODY = YES;
				CLANG_WARN_ENUM_CONVERSION = YES;
				CLANG_WARN_INT_CONVERSION = YES;
				CLANG_WARN__DUPLICATE_METHOD_MATCH = YES;
				"CODE_SIGN_IDENTITY[sdk=iphoneos*]" = "iPhone Developer";
				COPY_PHASE_STRIP = NO;
				GCC_C_LANGUAGE_STANDARD = gnu99;
				GCC_DYNAMIC_NO_PIC = NO;
				GCC_OPTIMIZATION_LEVEL = 0;
				GCC_PREPROCESSOR_DEFINITIONS = (
					"DEBUG=1",
					"$(inherited)",
				);
				GCC_SYMBOLS_PRIVATE_EXTERN = NO;
				GCC_WARN_ABOUT_RETURN_TYPE = YES;
				GCC_WARN_UNINITIALIZED_AUTOS = YES;
				GCC_WARN_UNUSED_VARIABLE = YES;
				IPHONEOS_DEPLOYMENT_TARGET = 6.1;
				ONLY_ACTIVE_ARCH = YES;
				SDKROOT = iphoneos;
			};
			name = Debug;
		};
		67A1C77216C875DE00C53C42 /* Release */ = {
			isa = XCBuildConfiguration;
			buildSettings = {
				ALWAYS_SEARCH_USER_PATHS = NO;
				CLANG_CXX_LANGUAGE_STANDARD = "gnu++0x";
				CLANG_CXX_LIBRARY = "libc++";
				CLANG_ENABLE_OBJC_ARC = YES;
				CLANG_WARN_CONSTANT_CONVERSION = YES;
				CLANG_WARN_EMPTY_BODY = YES;
				CLANG_WARN_ENUM_CONVERSION = YES;
				CLANG_WARN_INT_CONVERSION = YES;
				CLANG_WARN__DUPLICATE_METHOD_MATCH = YES;
				"CODE_SIGN_IDENTITY[sdk=iphoneos*]" = "iPhone Developer";
				COPY_PHASE_STRIP = YES;
				GCC_C_LANGUAGE_STANDARD = gnu99;
				GCC_WARN_ABOUT_RETURN_TYPE = YES;
				GCC_WARN_UNINITIALIZED_AUTOS = YES;
				GCC_WARN_UNUSED_VARIABLE = YES;
				IPHONEOS_DEPLOYMENT_TARGET = 6.1;
				OTHER_CFLAGS = "-DNS_BLOCK_ASSERTIONS=1";
				SDKROOT = iphoneos;
				VALIDATE_PRODUCT = YES;
			};
			name = Release;
		};
		67A1C77416C875DE00C53C42 /* Debug */ = {
			isa = XCBuildConfiguration;
			buildSettings = {
				GCC_PRECOMPILE_PREFIX_HEADER = YES;
				GCC_PREFIX_HEADER = "Intuit 2/Intuit 2-Prefix.pch";
				INFOPLIST_FILE = "Intuit 2/Intuit 2-Info.plist";
				PRODUCT_NAME = "$(TARGET_NAME)";
				WRAPPER_EXTENSION = app;
			};
			name = Debug;
		};
		67A1C77516C875DE00C53C42 /* Release */ = {
			isa = XCBuildConfiguration;
			buildSettings = {
				GCC_PRECOMPILE_PREFIX_HEADER = YES;
				GCC_PREFIX_HEADER = "Intuit 2/Intuit 2-Prefix.pch";
				INFOPLIST_FILE = "Intuit 2/Intuit 2-Info.plist";
				PRODUCT_NAME = "$(TARGET_NAME)";
				WRAPPER_EXTENSION = app;
			};
			name = Release;
		};
/* End XCBuildConfiguration section */

/* Begin XCConfigurationList section */
		67A1C74B16C875DE00C53C42 /* Build configuration list for PBXProject "Intuit 2" */ = {
			isa = XCConfigurationList;
			buildConfigurations = (
				67A1C77116C875DE00C53C42 /* Debug */,
				67A1C77216C875DE00C53C42 /* Release */,
			);
			defaultConfigurationIsVisible = 0;
			defaultConfigurationName = Release;
		};
		67A1C77316C875DE00C53C42 /* Build configuration list for PBXNativeTarget "Intuit 2" */ = {
			isa = XCConfigurationList;
			buildConfigurations = (
				67A1C77416C875DE00C53C42 /* Debug */,
				67A1C77516C875DE00C53C42 /* Release */,
			);
			defaultConfigurationIsVisible = 0;
			defaultConfigurationName = Release;
		};
/* End XCConfigurationList section */
	};
	rootObject = 67A1C74816C875DE00C53C42 /* Project object */;
}
